
Microsoft Visual Studio Solution File, Format Version 12.00
# RemObjects Fire
Project("{656346D9-4656-40DA-A068-22D5425D4639}") = "Swift.Cooper", "Swift.Cooper.elements", "{399BE68A-44C3-4357-8D11-4B64C6EC0674}"
EndProject
Project("{656346D9-4656-40DA-A068-22D5425D4639}") = "Swift.Echoes", "Swift.Echoes.elements", "{BAE82ECC-39A5-4A18-9CE1-EAC0653F6E0F}"
EndProject
Project("{656346D9-4656-40DA-A068-22D5425D4639}") = "Swift.Island.Android", "Swift.Island.Android.elements", "{FA456B74-3E30-45ED-91B2-6BB7A104F836}"
EndProject
Project("{656346D9-4656-40DA-A068-22D5425D4639}") = "Swift.Island.Linux", "Swift.Island.Linux.elements", "{A764B9EF-BE23-43AE-ACEB-43F24F45EAE9}"
EndProject
Project("{656346D9-4656-40DA-A068-22D5425D4639}") = "Swift.Island.WebAssembly", "Swift.Island.WebAssembly.elements", "{D38B4354-35C8-4BC9-9415-4D72A1F77CA1}"
EndProject
Project("{656346D9-4656-40DA-A068-22D5425D4639}") = "Swift.Island.Windows", "Swift.Island.Windows.elements", "{D32E206A-1255-4DA9-8287-64E5E988ABA4}"
EndProject
Project("{656346D9-4656-40DA-A068-22D5425D4639}") = "Swift.Shared", "Swift.Shared.elements", "{7952073B-795C-4074-954D-212FE780D7D3}"
EndProject
Project("{656346D9-4656-40DA-A068-22D5425D4639}") = "Swift.Toffee.iOS", "Swift.Toffee.iOS.elements", "{95F9545C-39BE-4A02-8673-8382ECB3F7AD}"
EndProject
Project("{656346D9-4656-40DA-A068-22D5425D4639}") = "Swift.Toffee.macOS", "Swift.Toffee.macOS.elements", "{8F87CCEF-C142-49A8-8828-32211B2CBFBE}"
EndProject
Project("{656346D9-4656-40DA-A068-22D5425D4639}") = "Swift.Toffee.tvOS", "Swift.Toffee.tvOS.elements", "{EA152C1C-C6DD-48F8-9415-8B7FDA4653D9}"
EndProject
Project("{656346D9-4656-40DA-A068-22D5425D4639}") = "Swift.Toffee.watchOS", "Swift.Toffee.watchOS.elements", "{E0C9DDDB-B83F-4164-ADE4-577FB6611F3F}"
EndProject
Global
	GlobalSection(SolutionConfigurationPlatforms) = preSolution
		Debug|AnyCPU = Debug|AnyCPU
		Release|AnyCPU = Release|AnyCPU
	EndGlobalSection
	GlobalSection(ProjectConfigurationPlatforms) = postSolution
		{399BE68A-44C3-4357-8D11-4B64C6EC0674}.Debug|AnyCPU.ActiveCfg = Debug|AnyCPU
		{399BE68A-44C3-4357-8D11-4B64C6EC0674}.Debug|AnyCPU.Build.0 = Debug|AnyCPU
		{399BE68A-44C3-4357-8D11-4B64C6EC0674}.Release|AnyCPU.ActiveCfg = Release|AnyCPU
		{399BE68A-44C3-4357-8D11-4B64C6EC0674}.Release|AnyCPU.Build.0 = Release|AnyCPU
		{BAE82ECC-39A5-4A18-9CE1-EAC0653F6E0F}.Debug|AnyCPU.ActiveCfg = Debug|AnyCPU
		{BAE82ECC-39A5-4A18-9CE1-EAC0653F6E0F}.Debug|AnyCPU.Build.0 = Debug|AnyCPU
		{BAE82ECC-39A5-4A18-9CE1-EAC0653F6E0F}.Release|AnyCPU.ActiveCfg = Release|AnyCPU
		{BAE82ECC-39A5-4A18-9CE1-EAC0653F6E0F}.Release|AnyCPU.Build.0 = Release|AnyCPU
		{FA456B74-3E30-45ED-91B2-6BB7A104F836}.Debug|AnyCPU.ActiveCfg = Debug|AnyCPU
		{FA456B74-3E30-45ED-91B2-6BB7A104F836}.Debug|AnyCPU.Build.0 = Debug|AnyCPU
		{FA456B74-3E30-45ED-91B2-6BB7A104F836}.Release|AnyCPU.ActiveCfg = Release|AnyCPU
		{FA456B74-3E30-45ED-91B2-6BB7A104F836}.Release|AnyCPU.Build.0 = Release|AnyCPU
		{A764B9EF-BE23-43AE-ACEB-43F24F45EAE9}.Debug|AnyCPU.ActiveCfg = Debug|AnyCPU
		{A764B9EF-BE23-43AE-ACEB-43F24F45EAE9}.Debug|AnyCPU.Build.0 = Debug|AnyCPU
		{A764B9EF-BE23-43AE-ACEB-43F24F45EAE9}.Release|AnyCPU.ActiveCfg = Release|AnyCPU
		{A764B9EF-BE23-43AE-ACEB-43F24F45EAE9}.Release|AnyCPU.Build.0 = Release|AnyCPU
		{D38B4354-35C8-4BC9-9415-4D72A1F77CA1}.Debug|AnyCPU.ActiveCfg = Debug|AnyCPU
		{D38B4354-35C8-4BC9-9415-4D72A1F77CA1}.Debug|AnyCPU.Build.0 = Debug|AnyCPU
		{D38B4354-35C8-4BC9-9415-4D72A1F77CA1}.Release|AnyCPU.ActiveCfg = Release|AnyCPU
		{D38B4354-35C8-4BC9-9415-4D72A1F77CA1}.Release|AnyCPU.Build.0 = Release|AnyCPU
		{D32E206A-1255-4DA9-8287-64E5E988ABA4}.Debug|AnyCPU.ActiveCfg = Debug|AnyCPU
		{D32E206A-1255-4DA9-8287-64E5E988ABA4}.Debug|AnyCPU.Build.0 = Debug|AnyCPU
		{D32E206A-1255-4DA9-8287-64E5E988ABA4}.Release|AnyCPU.ActiveCfg = Release|AnyCPU
		{D32E206A-1255-4DA9-8287-64E5E988ABA4}.Release|AnyCPU.Build.0 = Release|AnyCPU
		{95F9545C-39BE-4A02-8673-8382ECB3F7AD}.Debug|AnyCPU.ActiveCfg = Debug|AnyCPU
		{95F9545C-39BE-4A02-8673-8382ECB3F7AD}.Debug|AnyCPU.Build.0 = Debug|AnyCPU
		{95F9545C-39BE-4A02-8673-8382ECB3F7AD}.Release|AnyCPU.ActiveCfg = Release|AnyCPU
		{95F9545C-39BE-4A02-8673-8382ECB3F7AD}.Release|AnyCPU.Build.0 = Release|AnyCPU
		{8F87CCEF-C142-49A8-8828-32211B2CBFBE}.Debug|AnyCPU.ActiveCfg = Debug|AnyCPU
		{8F87CCEF-C142-49A8-8828-32211B2CBFBE}.Debug|AnyCPU.Build.0 = Debug|AnyCPU
		{8F87CCEF-C142-49A8-8828-32211B2CBFBE}.Release|AnyCPU.ActiveCfg = Release|AnyCPU
		{8F87CCEF-C142-49A8-8828-32211B2CBFBE}.Release|AnyCPU.Build.0 = Release|AnyCPU
		{EA152C1C-C6DD-48F8-9415-8B7FDA4653D9}.Debug|AnyCPU.ActiveCfg = Debug|AnyCPU
		{EA152C1C-C6DD-48F8-9415-8B7FDA4653D9}.Debug|AnyCPU.Build.0 = Debug|AnyCPU
		{EA152C1C-C6DD-48F8-9415-8B7FDA4653D9}.Release|AnyCPU.ActiveCfg = Release|AnyCPU
		{EA152C1C-C6DD-48F8-9415-8B7FDA4653D9}.Release|AnyCPU.Build.0 = Release|AnyCPU
		{E0C9DDDB-B83F-4164-ADE4-577FB6611F3F}.Debug|AnyCPU.ActiveCfg = Debug|AnyCPU
		{E0C9DDDB-B83F-4164-ADE4-577FB6611F3F}.Debug|AnyCPU.Build.0 = Debug|AnyCPU
		{E0C9DDDB-B83F-4164-ADE4-577FB6611F3F}.Release|AnyCPU.ActiveCfg = Release|AnyCPU
		{E0C9DDDB-B83F-4164-ADE4-577FB6611F3F}.Release|AnyCPU.Build.0 = Release|AnyCPU
	EndGlobalSection
	GlobalSection(SolutionProperties) = preSolution
		HideSolutionNode = FALSE
	EndGlobalSection
EndGlobal